<?xml version="1.0" encoding="utf-8"?>
<Project ToolsVersion="4.0" xmlns="http://schemas.microsoft.com/developer/msbuild/2003">
  <ItemGroup>
    <Filter Include="Content">
      <UniqueIdentifier>{67DA6AB6-F800-4c08-8B7A-83BB121AAD01}</UniqueIdentifier>
      <Extensions>rc;ico;cur;bmp;dlg;rc2;rct;bin;rgs;gif;jpg;jpeg;jpe;resx;tiff;tif;png;wav;mfcribbon-ms</Extensions>
    </Filter>
  </ItemGroup>
  <ItemGroup>
    <ClInclude Include="Content\Window.h">
      <Filter>Content</Filter>
    </ClInclude>
    <ClInclude Include="Content\Application.h">
      <Filter>Content</Filter>
    </ClInclude>
  </ItemGroup>
  <ItemGroup>
    <ClCompile Include="Content\Window.cpp">
      <Filter>Content</Filter>
    </ClCompile>
    <ClCompile Include="Content\main.cpp">
      <Filter>Content</Filter>
    </ClCompile>
    <ClCompile Include="Content\Application.cpp">
      <Filter>Content</Filter>
    </ClCompile>
  </ItemGroup>
</Project>