
Microsoft Visual Studio Solution File, Format Version 12.00
# Visual Studio 14
VisualStudioVersion = 14.0.25420.1
MinimumVisualStudioVersion = 10.0.40219.1
Project("{8BC9CEB8-8B4A-11D0-8D11-00A0C91BC942}") = "Application", "Application\Application.vcxproj", "{62E3FA55-2C91-4B85-BE27-90989495D9A8}"
	ProjectSection(ProjectDependencies) = postProject
		{93121AA0-BF28-4C55-8D26-B9BC5F389AA2} = {93121AA0-BF28-4C55-8D26-B9BC5F389AA2}
	EndProjectSection
EndProject
Project("{8BC9CEB8-8B4A-11D0-8D11-00A0C91BC942}") = "GraphicsEngine", "GraphicsEngine\GraphicsEngine.vcxproj", "{93121AA0-BF28-4C55-8D26-B9BC5F389AA2}"
	ProjectSection(ProjectDependencies) = postProject
		{CC3B7A1B-16CE-4EC6-8A29-FDCF307A0149} = {CC3B7A1B-16CE-4EC6-8A29-FDCF307A0149}
	EndProjectSection
EndProject
Project("{8BC9CEB8-8B4A-11D0-8D11-00A0C91BC942}") = "Win32Application", "Win32Application\Win32Application.vcxproj", "{C1AF559A-9231-4A99-AF83-4E6D7D4B4EC9}"
	ProjectSection(ProjectDependencies) = postProject
		{CC3B7A1B-16CE-4EC6-8A29-FDCF307A0149} = {CC3B7A1B-16CE-4EC6-8A29-FDCF307A0149}
		{93121AA0-BF28-4C55-8D26-B9BC5F389AA2} = {93121AA0-BF28-4C55-8D26-B9BC5F389AA2}
	EndProjectSection
EndProject
Project("{8BC9CEB8-8B4A-11D0-8D11-00A0C91BC942}") = "Common", "Common\Common.vcxproj", "{CC3B7A1B-16CE-4EC6-8A29-FDCF307A0149}"
EndProject
Project("{8BC9CEB8-8B4A-11D0-8D11-00A0C91BC942}") = "SoundEngine", "SoundEngine\SoundEngine.vcxproj", "{9B8F2E7F-5F9B-4885-8200-AD47BBECDFE1}"
EndProject
Global
	GlobalSection(SolutionConfigurationPlatforms) = preSolution
		Debug|ARM = Debug|ARM
		Debug|x64 = Debug|x64
		Debug|x86 = Debug|x86
		Release|ARM = Release|ARM
		Release|x64 = Release|x64
		Release|x86 = Release|x86
	EndGlobalSection
	GlobalSection(ProjectConfigurationPlatforms) = postSolution
		{62E3FA55-2C91-4B85-BE27-90989495D9A8}.Debug|ARM.ActiveCfg = Debug|ARM
		{62E3FA55-2C91-4B85-BE27-90989495D9A8}.Debug|ARM.Build.0 = Debug|ARM
		{62E3FA55-2C91-4B85-BE27-90989495D9A8}.Debug|ARM.Deploy.0 = Debug|ARM
		{62E3FA55-2C91-4B85-BE27-90989495D9A8}.Debug|x64.ActiveCfg = Debug|x64
		{62E3FA55-2C91-4B85-BE27-90989495D9A8}.Debug|x64.Build.0 = Debug|x64
		{62E3FA55-2C91-4B85-BE27-90989495D9A8}.Debug|x64.Deploy.0 = Debug|x64
		{62E3FA55-2C91-4B85-BE27-90989495D9A8}.Debug|x86.ActiveCfg = Debug|Win32
		{62E3FA55-2C91-4B85-BE27-90989495D9A8}.Debug|x86.Build.0 = Debug|Win32
		{62E3FA55-2C91-4B85-BE27-90989495D9A8}.Debug|x86.Deploy.0 = Debug|Win32
		{62E3FA55-2C91-4B85-BE27-90989495D9A8}.Release|ARM.ActiveCfg = Release|ARM
		{62E3FA55-2C91-4B85-BE27-90989495D9A8}.Release|ARM.Build.0 = Release|ARM
		{62E3FA55-2C91-4B85-BE27-90989495D9A8}.Release|ARM.Deploy.0 = Release|ARM
		{62E3FA55-2C91-4B85-BE27-90989495D9A8}.Release|x64.ActiveCfg = Release|x64
		{62E3FA55-2C91-4B85-BE27-90989495D9A8}.Release|x64.Build.0 = Release|x64
		{62E3FA55-2C91-4B85-BE27-90989495D9A8}.Release|x64.Deploy.0 = Release|x64
		{62E3FA55-2C91-4B85-BE27-90989495D9A8}.Release|x86.ActiveCfg = Release|Win32
		{62E3FA55-2C91-4B85-BE27-90989495D9A8}.Release|x86.Build.0 = Release|Win32
		{62E3FA55-2C91-4B85-BE27-90989495D9A8}.Release|x86.Deploy.0 = Release|Win32
		{93121AA0-BF28-4C55-8D26-B9BC5F389AA2}.Debug|ARM.ActiveCfg = Debug|Win32
		{93121AA0-BF28-4C55-8D26-B9BC5F389AA2}.Debug|x64.ActiveCfg = Debug|x64
		{93121AA0-BF28-4C55-8D26-B9BC5F389AA2}.Debug|x64.Build.0 = Debug|x64
		{93121AA0-BF28-4C55-8D26-B9BC5F389AA2}.Debug|x86.ActiveCfg = Debug|Win32
		{93121AA0-BF28-4C55-8D26-B9BC5F389AA2}.Debug|x86.Build.0 = Debug|Win32
		{93121AA0-BF28-4C55-8D26-B9BC5F389AA2}.Release|ARM.ActiveCfg = Release|Win32
		{93121AA0-BF28-4C55-8D26-B9BC5F389AA2}.Release|x64.ActiveCfg = Release|x64
		{93121AA0-BF28-4C55-8D26-B9BC5F389AA2}.Release|x64.Build.0 = Release|x64
		{93121AA0-BF28-4C55-8D26-B9BC5F389AA2}.Release|x86.ActiveCfg = Release|Win32
		{93121AA0-BF28-4C55-8D26-B9BC5F389AA2}.Release|x86.Build.0 = Release|Win32
		{C1AF559A-9231-4A99-AF83-4E6D7D4B4EC9}.Debug|ARM.ActiveCfg = Debug|Win32
		{C1AF559A-9231-4A99-AF83-4E6D7D4B4EC9}.Debug|x64.ActiveCfg = Debug|x64
		{C1AF559A-9231-4A99-AF83-4E6D7D4B4EC9}.Debug|x64.Build.0 = Debug|x64
		{C1AF559A-9231-4A99-AF83-4E6D7D4B4EC9}.Debug|x86.ActiveCfg = Debug|Win32
		{C1AF559A-9231-4A99-AF83-4E6D7D4B4EC9}.Debug|x86.Build.0 = Debug|Win32
		{C1AF559A-9231-4A99-AF83-4E6D7D4B4EC9}.Release|ARM.ActiveCfg = Release|Win32
		{C1AF559A-9231-4A99-AF83-4E6D7D4B4EC9}.Release|x64.ActiveCfg = Release|x64
		{C1AF559A-9231-4A99-AF83-4E6D7D4B4EC9}.Release|x64.Build.0 = Release|x64
		{C1AF559A-9231-4A99-AF83-4E6D7D4B4EC9}.Release|x86.ActiveCfg = Release|Win32
		{C1AF559A-9231-4A99-AF83-4E6D7D4B4EC9}.Release|x86.Build.0 = Release|Win32
		{CC3B7A1B-16CE-4EC6-8A29-FDCF307A0149}.Debug|ARM.ActiveCfg = Debug|Win32
		{CC3B7A1B-16CE-4EC6-8A29-FDCF307A0149}.Debug|x64.ActiveCfg = Debug|x64
		{CC3B7A1B-16CE-4EC6-8A29-FDCF307A0149}.Debug|x64.Build.0 = Debug|x64
		{CC3B7A1B-16CE-4EC6-8A29-FDCF307A0149}.Debug|x86.ActiveCfg = Debug|Win32
		{CC3B7A1B-16CE-4EC6-8A29-FDCF307A0149}.Debug|x86.Build.0 = Debug|Win32
		{CC3B7A1B-16CE-4EC6-8A29-FDCF307A0149}.Release|ARM.ActiveCfg = Release|Win32
		{CC3B7A1B-16CE-4EC6-8A29-FDCF307A0149}.Release|x64.ActiveCfg = Release|x64
		{CC3B7A1B-16CE-4EC6-8A29-FDCF307A0149}.Release|x64.Build.0 = Release|x64
		{CC3B7A1B-16CE-4EC6-8A29-FDCF307A0149}.Release|x86.ActiveCfg = Release|Win32
		{CC3B7A1B-16CE-4EC6-8A29-FDCF307A0149}.Release|x86.Build.0 = Release|Win32
		{9B8F2E7F-5F9B-4885-8200-AD47BBECDFE1}.Debug|ARM.ActiveCfg = Debug|Win32
		{9B8F2E7F-5F9B-4885-8200-AD47BBECDFE1}.Debug|x64.ActiveCfg = Debug|x64
		{9B8F2E7F-5F9B-4885-8200-AD47BBECDFE1}.Debug|x64.Build.0 = Debug|x64
		{9B8F2E7F-5F9B-4885-8200-AD47BBECDFE1}.Debug|x86.ActiveCfg = Debug|Win32
		{9B8F2E7F-5F9B-4885-8200-AD47BBECDFE1}.Debug|x86.Build.0 = Debug|Win32
		{9B8F2E7F-5F9B-4885-8200-AD47BBECDFE1}.Release|ARM.ActiveCfg = Release|Win32
		{9B8F2E7F-5F9B-4885-8200-AD47BBECDFE1}.Release|x64.ActiveCfg = Release|x64
		{9B8F2E7F-5F9B-4885-8200-AD47BBECDFE1}.Release|x64.Build.0 = Release|x64
		{9B8F2E7F-5F9B-4885-8200-AD47BBECDFE1}.Release|x86.ActiveCfg = Release|Win32
		{9B8F2E7F-5F9B-4885-8200-AD47BBECDFE1}.Release|x86.Build.0 = Release|Win32
	EndGlobalSection
	GlobalSection(SolutionProperties) = preSolution
		HideSolutionNode = FALSE
	EndGlobalSection
EndGlobal
