<?xml version="1.0" encoding="utf-8"?>
<Project ToolsVersion="4.0" xmlns="http://schemas.microsoft.com/developer/msbuild/2003">
  <ItemGroup>
    <Filter Include="SoundEngine">
      <UniqueIdentifier>{e7c88ec5-33ef-423e-9ec2-ef83fbf3473d}</UniqueIdentifier>
    </Filter>
  </ItemGroup>
  <ItemGroup>
    <ClCompile Include="SoundEngine\SoundManager.cpp">
      <Filter>SoundEngine</Filter>
    </ClCompile>
  </ItemGroup>
  <ItemGroup>
    <ClInclude Include="SoundEngine\SoundManager.h">
      <Filter>SoundEngine</Filter>
    </ClInclude>
  </ItemGroup>
</Project>