<?xml version="1.0" encoding="utf-8"?>
<Project ToolsVersion="4.0" xmlns="http://schemas.microsoft.com/developer/msbuild/2003">
  <ItemGroup>
    <ClCompile Include="stdafx.cpp" />
    <ClCompile Include="DirectXException.cpp">
      <Filter>Source\Helpers</Filter>
    </ClCompile>
    <ClCompile Include="SettingsManager.cpp">
      <Filter>Source\Settings</Filter>
    </ClCompile>
    <ClCompile Include="VertexShader.cpp">
      <Filter>Source\Shaders</Filter>
    </ClCompile>
    <ClCompile Include="PixelShader.cpp">
      <Filter>Source\Shaders</Filter>
    </ClCompile>
  </ItemGroup>
  <ItemGroup>
    <ClInclude Include="stdafx.h" />
    <ClInclude Include="Helpers.h">
      <Filter>Source\Helpers</Filter>
    </ClInclude>
    <ClInclude Include="DirectXException.h">
      <Filter>Source\Helpers</Filter>
    </ClInclude>
    <ClInclude Include="DirectXHelper.h">
      <Filter>Source\Helpers</Filter>
    </ClInclude>
    <ClInclude Include="SettingsManager.h">
      <Filter>Source\Settings</Filter>
    </ClInclude>
    <ClInclude Include="VertexBuffer.h">
      <Filter>Source\Buffers</Filter>
    </ClInclude>
    <ClInclude Include="IndexBuffer.h">
      <Filter>Source\Buffers</Filter>
    </ClInclude>
    <ClInclude Include="Buffer.h">
      <Filter>Source\Buffers</Filter>
    </ClInclude>
    <ClInclude Include="VertexShader.h">
      <Filter>Source\Shaders</Filter>
    </ClInclude>
    <ClInclude Include="PixelShader.h">
      <Filter>Source\Shaders</Filter>
    </ClInclude>
    <ClInclude Include="ConstantBuffer.h">
      <Filter>Source\Buffers</Filter>
    </ClInclude>
  </ItemGroup>
  <ItemGroup>
    <Filter Include="Source">
      <UniqueIdentifier>{c97a4458-e76c-4b24-a363-ebd1c781a698}</UniqueIdentifier>
    </Filter>
    <Filter Include="Source\Helpers">
      <UniqueIdentifier>{2236eb52-cb50-402c-8955-6bb2e392bb50}</UniqueIdentifier>
    </Filter>
    <Filter Include="Source\Settings">
      <UniqueIdentifier>{6e2d9f50-9148-4d3b-bd70-5524a66cd147}</UniqueIdentifier>
    </Filter>
    <Filter Include="Source\Buffers">
      <UniqueIdentifier>{b0deafd9-6a48-46c8-9794-56dc72e2982c}</UniqueIdentifier>
    </Filter>
    <Filter Include="Shaders">
      <UniqueIdentifier>{0a408e7f-22e5-4122-8676-fa53be408eaf}</UniqueIdentifier>
    </Filter>
    <Filter Include="Source\Shaders">
      <UniqueIdentifier>{d35b6e1d-1e97-4572-8c00-1384832b7941}</UniqueIdentifier>
    </Filter>
  </ItemGroup>
</Project>