<?xml version="1.0" encoding="utf-8"?>
<Project ToolsVersion="4.0" xmlns="http://schemas.microsoft.com/developer/msbuild/2003">
  <ItemGroup>
    <ClCompile Include="stdafx.cpp" />
    <ClCompile Include="SettingsManager.cpp">
      <Filter>Source</Filter>
    </ClCompile>
    <ClCompile Include="DirectXException.cpp">
      <Filter>Source</Filter>
    </ClCompile>
  </ItemGroup>
  <ItemGroup>
    <ClInclude Include="stdafx.h" />
    <ClInclude Include="SettingsManager.h">
      <Filter>Source</Filter>
    </ClInclude>
    <ClInclude Include="DirectXHelper.h">
      <Filter>Source</Filter>
    </ClInclude>
    <ClInclude Include="Helpers.h">
      <Filter>Source</Filter>
    </ClInclude>
    <ClInclude Include="DirectXException.h">
      <Filter>Source</Filter>
    </ClInclude>
  </ItemGroup>
  <ItemGroup>
    <Filter Include="Source">
      <UniqueIdentifier>{c97a4458-e76c-4b24-a363-ebd1c781a698}</UniqueIdentifier>
    </Filter>
  </ItemGroup>
</Project>