<?xml version="1.0" encoding="utf-8"?>
<Project ToolsVersion="4.0" xmlns="http://schemas.microsoft.com/developer/msbuild/2003">
  <ItemGroup>
    <ClCompile Include="..\Libraries\DirectXTex\DDSTextureLoader\DDSTextureLoader.cpp">
      <Filter>Libraries\DirectXTex\DDSTextureLoader</Filter>
    </ClCompile>
    <ClCompile Include="GraphicsEngine\Camera.cpp">
      <Filter>GraphicsEngine\Camera</Filter>
    </ClCompile>
    <ClCompile Include="GraphicsEngine\X3DParser\ParserException.cpp">
      <Filter>GraphicsEngine\X3DParser</Filter>
    </ClCompile>
    <ClCompile Include="GraphicsEngine\X3DParser\RapidXMLHelper.cpp">
      <Filter>GraphicsEngine\X3DParser</Filter>
    </ClCompile>
    <ClCompile Include="GraphicsEngine\X3DParser\X3DParser.cpp">
      <Filter>GraphicsEngine\X3DParser</Filter>
    </ClCompile>
    <ClCompile Include="GraphicsEngine\X3DParser\X3DShapeParser.cpp">
      <Filter>GraphicsEngine\X3DParser</Filter>
    </ClCompile>
    <ClCompile Include="GraphicsEngine\TextureManager.cpp">
      <Filter>GraphicsEngine\Textures</Filter>
    </ClCompile>
    <ClCompile Include="GraphicsEngine\SettingsManager.cpp">
      <Filter>GraphicsEngine\Settings</Filter>
    </ClCompile>
    <ClCompile Include="GraphicsEngine\RasterizerState.cpp">
      <Filter>GraphicsEngine\States\Rasterizer</Filter>
    </ClCompile>
    <ClCompile Include="GraphicsEngine\DXInputHandler.cpp">
      <Filter>GraphicsEngine\Input</Filter>
    </ClCompile>
    <ClCompile Include="GraphicsEngine\InputHandler.cpp">
      <Filter>GraphicsEngine\Input</Filter>
    </ClCompile>
    <ClCompile Include="GraphicsEngine\D3DBase.cpp">
      <Filter>GraphicsEngine</Filter>
    </ClCompile>
    <ClCompile Include="GraphicsEngine\Graphics.cpp">
      <Filter>GraphicsEngine</Filter>
    </ClCompile>
    <ClCompile Include="GraphicsEngine\PipelineState.cpp">
      <Filter>GraphicsEngine\States\PipelineState</Filter>
    </ClCompile>
    <ClCompile Include="GraphicsEngine\DomainShader.cpp">
      <Filter>GraphicsEngine\Shaders</Filter>
    </ClCompile>
    <ClCompile Include="GraphicsEngine\HullShader.cpp">
      <Filter>GraphicsEngine\Shaders</Filter>
    </ClCompile>
    <ClCompile Include="GraphicsEngine\PixelShader.cpp">
      <Filter>GraphicsEngine\Shaders</Filter>
    </ClCompile>
    <ClCompile Include="GraphicsEngine\VertexShader.cpp">
      <Filter>GraphicsEngine\Shaders</Filter>
    </ClCompile>
    <ClCompile Include="GraphicsEngine\PipelineStateManager.cpp">
      <Filter>GraphicsEngine\States\PipelineState</Filter>
    </ClCompile>
    <ClCompile Include="GraphicsEngine\IShader.cpp">
      <Filter>GraphicsEngine\Shaders</Filter>
    </ClCompile>
    <ClCompile Include="GraphicsEngine\RenderItem.cpp">
      <Filter>GraphicsEngine\Resources</Filter>
    </ClCompile>
    <ClCompile Include="GraphicsEngine\Scenes\DefaultScene.cpp">
      <Filter>GraphicsEngine\Scenes</Filter>
    </ClCompile>
    <ClCompile Include="GraphicsEngine\FrameResource.cpp">
      <Filter>GraphicsEngine\Resources</Filter>
    </ClCompile>
    <ClCompile Include="stdafx.cpp" />
    <ClCompile Include="GraphicsEngine\Texture.cpp">
      <Filter>GraphicsEngine\Textures</Filter>
    </ClCompile>
    <ClCompile Include="GraphicsEngine\SamplerState.cpp">
      <Filter>GraphicsEngine\States\SamplerStates</Filter>
    </ClCompile>
    <ClCompile Include="GraphicsEngine\BlendState.cpp">
      <Filter>GraphicsEngine\States\BlendStates</Filter>
    </ClCompile>
    <ClCompile Include="GraphicsEngine\BlendStateDescConstants.cpp">
      <Filter>GraphicsEngine\States\BlendStates</Filter>
    </ClCompile>
    <ClCompile Include="GraphicsEngine\AssimpImporter\AssimpImporter.cpp">
      <Filter>GraphicsEngine\AssimpImporter</Filter>
    </ClCompile>
    <ClCompile Include="GraphicsEngine\Terrain.cpp">
      <Filter>GraphicsEngine\Model</Filter>
    </ClCompile>
    <ClCompile Include="GraphicsEngine\DepthStencilState.cpp">
      <Filter>GraphicsEngine\DepthStencil</Filter>
    </ClCompile>
    <ClCompile Include="GraphicsEngine\RenderTexture.cpp">
      <Filter>GraphicsEngine\Shadows</Filter>
    </ClCompile>
    <ClCompile Include="GraphicsEngine\ShadowTexture.cpp">
      <Filter>GraphicsEngine\Shadows</Filter>
    </ClCompile>
    <ClCompile Include="GraphicsEngine\LightManager.cpp">
      <Filter>GraphicsEngine\Light</Filter>
    </ClCompile>
    <ClCompile Include="GraphicsEngine\Light.cpp">
      <Filter>GraphicsEngine\Light</Filter>
    </ClCompile>
    <ClCompile Include="GraphicsEngine\GeometryShader.cpp">
      <Filter>GraphicsEngine\Shaders</Filter>
    </ClCompile>
    <ClCompile Include="GraphicsEngine\GeometryGenerator.cpp">
      <Filter>GraphicsEngine\Model</Filter>
    </ClCompile>
    <ClCompile Include="GraphicsEngine\OctreeCollider.cpp">
      <Filter>GraphicsEngine\Octree</Filter>
    </ClCompile>
  </ItemGroup>
  <ItemGroup>
    <ClInclude Include="..\Libraries\DirectXTex\DDSTextureLoader\DDSTextureLoader.h">
      <Filter>Libraries\DirectXTex\DDSTextureLoader</Filter>
    </ClInclude>
    <ClInclude Include="..\Libraries\rapidxml\rapidxml.hpp">
      <Filter>Libraries\RapidXml</Filter>
    </ClInclude>
    <ClInclude Include="..\Libraries\rapidxml\rapidxml_iterators.hpp">
      <Filter>Libraries\RapidXml</Filter>
    </ClInclude>
    <ClInclude Include="..\Libraries\rapidxml\rapidxml_print.hpp">
      <Filter>Libraries\RapidXml</Filter>
    </ClInclude>
    <ClInclude Include="..\Libraries\rapidxml\rapidxml_utils.hpp">
      <Filter>Libraries\RapidXml</Filter>
    </ClInclude>
    <ClInclude Include="GraphicsEngine\Camera.h">
      <Filter>GraphicsEngine\Camera</Filter>
    </ClInclude>
    <ClInclude Include="GraphicsEngine\X3DParser\ParserException.h">
      <Filter>GraphicsEngine\X3DParser</Filter>
    </ClInclude>
    <ClInclude Include="GraphicsEngine\X3DParser\RapidXMLHelper.h">
      <Filter>GraphicsEngine\X3DParser</Filter>
    </ClInclude>
    <ClInclude Include="GraphicsEngine\X3DParser\X3DParser.h">
      <Filter>GraphicsEngine\X3DParser</Filter>
    </ClInclude>
    <ClInclude Include="GraphicsEngine\X3DParser\X3DShapeParser.h">
      <Filter>GraphicsEngine\X3DParser</Filter>
    </ClInclude>
    <ClInclude Include="GraphicsEngine\TextureManager.h">
      <Filter>GraphicsEngine\Textures</Filter>
    </ClInclude>
    <ClInclude Include="GraphicsEngine\SettingsManager.h">
      <Filter>GraphicsEngine\Settings</Filter>
    </ClInclude>
    <ClInclude Include="GraphicsEngine\RasterizerState.h">
      <Filter>GraphicsEngine\States\Rasterizer</Filter>
    </ClInclude>
    <ClInclude Include="GraphicsEngine\RasterizerStateDescConstants.h">
      <Filter>GraphicsEngine\States\Rasterizer</Filter>
    </ClInclude>
    <ClInclude Include="GraphicsEngine\Buffer.h">
      <Filter>GraphicsEngine\Buffers</Filter>
    </ClInclude>
    <ClInclude Include="GraphicsEngine\BufferTypes.h">
      <Filter>GraphicsEngine\Buffers</Filter>
    </ClInclude>
    <ClInclude Include="GraphicsEngine\DXInputHandler.h">
      <Filter>GraphicsEngine\Input</Filter>
    </ClInclude>
    <ClInclude Include="GraphicsEngine\InputHandler.h">
      <Filter>GraphicsEngine\Input</Filter>
    </ClInclude>
    <ClInclude Include="GraphicsEngine\VirtualKey.h">
      <Filter>GraphicsEngine\Input</Filter>
    </ClInclude>
    <ClInclude Include="GraphicsEngine\D3DBase.h">
      <Filter>GraphicsEngine</Filter>
    </ClInclude>
    <ClInclude Include="GraphicsEngine\Graphics.h">
      <Filter>GraphicsEngine</Filter>
    </ClInclude>
    <ClInclude Include="GraphicsEngine\PipelineState.h">
      <Filter>GraphicsEngine\States\PipelineState</Filter>
    </ClInclude>
    <ClInclude Include="GraphicsEngine\DomainShader.h">
      <Filter>GraphicsEngine\Shaders</Filter>
    </ClInclude>
    <ClInclude Include="GraphicsEngine\HullShader.h">
      <Filter>GraphicsEngine\Shaders</Filter>
    </ClInclude>
    <ClInclude Include="GraphicsEngine\PixelShader.h">
      <Filter>GraphicsEngine\Shaders</Filter>
    </ClInclude>
    <ClInclude Include="GraphicsEngine\VertexShader.h">
      <Filter>GraphicsEngine\Shaders</Filter>
    </ClInclude>
    <ClInclude Include="GraphicsEngine\PipelineStateManager.h">
      <Filter>GraphicsEngine\States\PipelineState</Filter>
    </ClInclude>
    <ClInclude Include="GraphicsEngine\IShader.h">
      <Filter>GraphicsEngine\Shaders</Filter>
    </ClInclude>
    <ClInclude Include="GraphicsEngine\ShaderBufferTypes.h">
      <Filter>GraphicsEngine\Resources</Filter>
    </ClInclude>
    <ClInclude Include="GraphicsEngine\VertexTypes.h">
      <Filter>GraphicsEngine\Resources</Filter>
    </ClInclude>
    <ClInclude Include="GraphicsEngine\Light.h">
      <Filter>GraphicsEngine\Light</Filter>
    </ClInclude>
    <ClInclude Include="GraphicsEngine\MeshGeometry.h">
      <Filter>GraphicsEngine\Model</Filter>
    </ClInclude>
    <ClInclude Include="GraphicsEngine\SubmeshGeometry.h">
      <Filter>GraphicsEngine\Model</Filter>
    </ClInclude>
    <ClInclude Include="GraphicsEngine\RenderItem.h">
      <Filter>GraphicsEngine\Resources</Filter>
    </ClInclude>
    <ClInclude Include="GraphicsEngine\RenderLayer.h">
      <Filter>GraphicsEngine\Resources</Filter>
    </ClInclude>
    <ClInclude Include="GraphicsEngine\IScene.h">
      <Filter>GraphicsEngine\Scenes</Filter>
    </ClInclude>
    <ClInclude Include="GraphicsEngine\Scenes\DefaultScene.h">
      <Filter>GraphicsEngine\Scenes</Filter>
    </ClInclude>
    <ClInclude Include="GraphicsEngine\FrameResource.h">
      <Filter>GraphicsEngine\Resources</Filter>
    </ClInclude>
    <ClInclude Include="stdafx.h" />
    <ClInclude Include="GraphicsEngine\Material.h">
      <Filter>GraphicsEngine\Light</Filter>
    </ClInclude>
    <ClInclude Include="GraphicsEngine\Texture.h">
      <Filter>GraphicsEngine\Textures</Filter>
    </ClInclude>
    <ClInclude Include="GraphicsEngine\SamplerState.h">
      <Filter>GraphicsEngine\States\SamplerStates</Filter>
    </ClInclude>
    <ClInclude Include="GraphicsEngine\SamplerStateDescConstants.h">
      <Filter>GraphicsEngine\States\SamplerStates</Filter>
    </ClInclude>
    <ClInclude Include="GraphicsEngine\BlendState.h">
      <Filter>GraphicsEngine\States\BlendStates</Filter>
    </ClInclude>
    <ClInclude Include="GraphicsEngine\BlendStateDescConstants.h">
      <Filter>GraphicsEngine\States\BlendStates</Filter>
    </ClInclude>
    <ClInclude Include="GraphicsEngine\AssimpImporter\AssimpImporter.h">
      <Filter>GraphicsEngine\AssimpImporter</Filter>
    </ClInclude>
    <ClInclude Include="GraphicsEngine\Terrain.h">
      <Filter>GraphicsEngine\Model</Filter>
    </ClInclude>
    <ClInclude Include="GraphicsEngine\DepthStencilState.h">
      <Filter>GraphicsEngine\DepthStencil</Filter>
    </ClInclude>
    <ClInclude Include="GraphicsEngine\DepthStencilStateDescConstants.h">
      <Filter>GraphicsEngine\DepthStencil</Filter>
    </ClInclude>
    <ClInclude Include="GraphicsEngine\RenderTexture.h">
      <Filter>GraphicsEngine\Shadows</Filter>
    </ClInclude>
    <ClInclude Include="GraphicsEngine\ShadowTexture.h">
      <Filter>GraphicsEngine\Shadows</Filter>
    </ClInclude>
    <ClInclude Include="GraphicsEngine\LightManager.h">
      <Filter>GraphicsEngine\Light</Filter>
    </ClInclude>
    <ClInclude Include="GraphicsEngine\GeometryShader.h">
      <Filter>GraphicsEngine\Shaders</Filter>
    </ClInclude>
    <ClInclude Include="GraphicsEngine\GeometryGenerator.h">
      <Filter>GraphicsEngine\Model</Filter>
    </ClInclude>
    <ClInclude Include="GraphicsEngine\Octree.h">
      <Filter>GraphicsEngine\Octree</Filter>
    </ClInclude>
    <ClInclude Include="GraphicsEngine\OctreeCollider.h">
      <Filter>GraphicsEngine\Octree</Filter>
    </ClInclude>
    <ClInclude Include="GraphicsEngine\OctreeBaseCollider.h">
      <Filter>GraphicsEngine\Octree</Filter>
    </ClInclude>
  </ItemGroup>
  <ItemGroup>
    <Filter Include="Shaders">
      <UniqueIdentifier>{0a408e7f-22e5-4122-8676-fa53be408eaf}</UniqueIdentifier>
    </Filter>
    <Filter Include="Libraries">
      <UniqueIdentifier>{5aef05a7-c6cb-4b43-869a-da2aff6daca8}</UniqueIdentifier>
    </Filter>
    <Filter Include="Libraries\DirectXTex">
      <UniqueIdentifier>{936bc6a5-cd6c-49d9-a0dd-0fccb2e3f5de}</UniqueIdentifier>
    </Filter>
    <Filter Include="Libraries\DirectXTex\DDSTextureLoader">
      <UniqueIdentifier>{ff8144a3-ee61-4a84-b83b-191003451ba9}</UniqueIdentifier>
    </Filter>
    <Filter Include="Libraries\RapidXml">
      <UniqueIdentifier>{738acd29-1604-4235-a268-8793ed8b5f54}</UniqueIdentifier>
    </Filter>
    <Filter Include="GraphicsEngine">
      <UniqueIdentifier>{a56f9316-0dd7-4a8c-816a-f366ffbc2cd0}</UniqueIdentifier>
    </Filter>
    <Filter Include="GraphicsEngine\Camera">
      <UniqueIdentifier>{4afc49ab-8f8a-41bd-9690-39a65fb6b298}</UniqueIdentifier>
    </Filter>
    <Filter Include="GraphicsEngine\X3DParser">
      <UniqueIdentifier>{bf2d8f5f-c3aa-4655-9786-0e3b16201e43}</UniqueIdentifier>
    </Filter>
    <Filter Include="GraphicsEngine\Textures">
      <UniqueIdentifier>{bb2835cc-9f8c-4d84-9966-d121ad566905}</UniqueIdentifier>
    </Filter>
    <Filter Include="GraphicsEngine\Settings">
      <UniqueIdentifier>{ef3916db-fad9-458a-aae4-0785980a4b2d}</UniqueIdentifier>
    </Filter>
    <Filter Include="GraphicsEngine\Buffers">
      <UniqueIdentifier>{1f080897-ef95-43f2-91ee-9d0f9e124d1b}</UniqueIdentifier>
    </Filter>
    <Filter Include="GraphicsEngine\Input">
      <UniqueIdentifier>{e984538a-169e-4d6f-b513-7b6dc4277724}</UniqueIdentifier>
    </Filter>
    <Filter Include="GraphicsEngine\Shaders">
      <UniqueIdentifier>{b5ab1a1c-01e3-4f50-a0e1-26b31df3ac7f}</UniqueIdentifier>
    </Filter>
    <Filter Include="Shaders\Standard">
      <UniqueIdentifier>{986b27bc-a29b-4929-8048-de7cd8648e22}</UniqueIdentifier>
    </Filter>
    <Filter Include="GraphicsEngine\Model">
      <UniqueIdentifier>{42c8d01b-c2a9-4d84-aaad-ea18758c4d4c}</UniqueIdentifier>
    </Filter>
    <Filter Include="GraphicsEngine\Resources">
      <UniqueIdentifier>{b7959624-bc23-40d1-a512-05605882238e}</UniqueIdentifier>
    </Filter>
    <Filter Include="GraphicsEngine\Light">
      <UniqueIdentifier>{f4e07b19-ec5b-4b1d-89d2-3976760c262b}</UniqueIdentifier>
    </Filter>
    <Filter Include="GraphicsEngine\Scenes">
      <UniqueIdentifier>{62d9f80f-bba7-4e4b-96f9-8ba93834a7a0}</UniqueIdentifier>
    </Filter>
    <Filter Include="Shaders\Common">
      <UniqueIdentifier>{86d2ac93-db29-4637-9845-c48bb2ea3aa9}</UniqueIdentifier>
    </Filter>
    <Filter Include="GraphicsEngine\AssimpImporter">
      <UniqueIdentifier>{e559f998-cefb-4ccf-983a-f24545061a73}</UniqueIdentifier>
    </Filter>
    <Filter Include="Shaders\Skydome">
      <UniqueIdentifier>{e3f81619-cdb3-4e30-b0b9-1488b9961ff6}</UniqueIdentifier>
    </Filter>
    <Filter Include="Shaders\Terrain">
      <UniqueIdentifier>{fedc451a-6a2c-4459-9a44-39d17e50a937}</UniqueIdentifier>
    </Filter>
    <Filter Include="GraphicsEngine\DepthStencil">
      <UniqueIdentifier>{a36f06fc-bd56-4487-875d-f77b408a9c09}</UniqueIdentifier>
    </Filter>
    <Filter Include="GraphicsEngine\Shadows">
      <UniqueIdentifier>{113ed2fc-d08f-4340-8d94-593f2b2ad248}</UniqueIdentifier>
    </Filter>
    <Filter Include="Shaders\Billboard">
      <UniqueIdentifier>{89a90716-f51a-4af8-88b4-5c9d9d3e82e2}</UniqueIdentifier>
    </Filter>
    <Filter Include="Shaders\DebugWindow">
      <UniqueIdentifier>{5ab216ca-d7a1-44f4-a778-034043882ba8}</UniqueIdentifier>
    </Filter>
    <Filter Include="GraphicsEngine\States">
      <UniqueIdentifier>{9437a46b-097d-43e9-b7f4-5db11e04413c}</UniqueIdentifier>
    </Filter>
    <Filter Include="GraphicsEngine\States\Rasterizer">
      <UniqueIdentifier>{12fd9736-1dc7-4b8a-ae7f-1413d47452a9}</UniqueIdentifier>
    </Filter>
    <Filter Include="GraphicsEngine\States\BlendStates">
      <UniqueIdentifier>{a99b425d-a397-4ad6-93e7-5e13510419ca}</UniqueIdentifier>
    </Filter>
    <Filter Include="GraphicsEngine\States\SamplerStates">
      <UniqueIdentifier>{5445e76f-0de9-4f48-a2af-beff57c31095}</UniqueIdentifier>
    </Filter>
    <Filter Include="GraphicsEngine\States\PipelineState">
      <UniqueIdentifier>{d7aca9a2-8f5a-4083-8144-6e28918a11cf}</UniqueIdentifier>
    </Filter>
    <Filter Include="Shaders\Shadows">
      <UniqueIdentifier>{7c8de919-f2c5-4b94-b491-dbff3cbf1e87}</UniqueIdentifier>
    </Filter>
    <Filter Include="GraphicsEngine\Octree">
      <UniqueIdentifier>{9a255b78-f275-4c31-8430-07c77336d458}</UniqueIdentifier>
    </Filter>
  </ItemGroup>
  <ItemGroup>
    <None Include="..\Libraries\rapidxml\manual.html">
      <Filter>Libraries\RapidXml</Filter>
    </None>
  </ItemGroup>
  <ItemGroup>
    <FxCompile Include="GraphicsEngine\Shaders\StandardVertexShader.hlsl">
      <Filter>Shaders\Standard</Filter>
    </FxCompile>
    <FxCompile Include="GraphicsEngine\Shaders\StandardPixelShader.hlsl">
      <Filter>Shaders\Standard</Filter>
    </FxCompile>
    <FxCompile Include="GraphicsEngine\Shaders\TerrainVertexShader.hlsl">
      <Filter>Shaders\Terrain</Filter>
    </FxCompile>
    <FxCompile Include="GraphicsEngine\Shaders\TerrainPixelShader.hlsl">
      <Filter>Shaders\Terrain</Filter>
    </FxCompile>
    <FxCompile Include="GraphicsEngine\Shaders\TerrainDomainShader.hlsl">
      <Filter>Shaders\Terrain</Filter>
    </FxCompile>
    <FxCompile Include="GraphicsEngine\Shaders\TerrainHullShader.hlsl">
      <Filter>Shaders\Terrain</Filter>
    </FxCompile>
    <FxCompile Include="GraphicsEngine\Shaders\SkyDomePixelShader.hlsl">
      <Filter>Shaders\Skydome</Filter>
    </FxCompile>
    <FxCompile Include="GraphicsEngine\Shaders\SkyDomeVertexShader.hlsl">
      <Filter>Shaders\Skydome</Filter>
    </FxCompile>
    <FxCompile Include="GraphicsEngine\Shaders\BillboardGeometryShader.hlsl">
      <Filter>Shaders\Billboard</Filter>
    </FxCompile>
    <FxCompile Include="GraphicsEngine\Shaders\BillboardVertexShader.hlsl">
      <Filter>Shaders\Billboard</Filter>
    </FxCompile>
    <FxCompile Include="GraphicsEngine\Shaders\CommonDefines.hlsli">
      <Filter>Shaders\Common</Filter>
    </FxCompile>
    <FxCompile Include="GraphicsEngine\Shaders\LightingUtils.hlsli">
      <Filter>Shaders\Common</Filter>
    </FxCompile>
    <FxCompile Include="GraphicsEngine\Shaders\MaterialData.hlsli">
      <Filter>Shaders\Common</Filter>
    </FxCompile>
    <FxCompile Include="GraphicsEngine\Shaders\MathUtils.hlsli">
      <Filter>Shaders\Common</Filter>
    </FxCompile>
    <FxCompile Include="GraphicsEngine\Shaders\ObjectData.hlsli">
      <Filter>Shaders\Common</Filter>
    </FxCompile>
    <FxCompile Include="GraphicsEngine\Shaders\PassData.hlsli">
      <Filter>Shaders\Common</Filter>
    </FxCompile>
    <FxCompile Include="GraphicsEngine\Shaders\Samplers.hlsli">
      <Filter>Shaders\Common</Filter>
    </FxCompile>
    <FxCompile Include="GraphicsEngine\Shaders\DebugWindowPixelShader.hlsl">
      <Filter>Shaders\DebugWindow</Filter>
    </FxCompile>
    <FxCompile Include="GraphicsEngine\Shaders\DebugWindowVertexShader.hlsl">
      <Filter>Shaders\DebugWindow</Filter>
    </FxCompile>
    <FxCompile Include="GraphicsEngine\Shaders\AlphaClippedShadowsPixelShader.hlsl">
      <Filter>Shaders\Shadows</Filter>
    </FxCompile>
  </ItemGroup>
</Project>