<?xml version="1.0" encoding="utf-8"?>
<Project ToolsVersion="4.0" xmlns="http://schemas.microsoft.com/developer/msbuild/2003">
  <ItemGroup>
    <Filter Include="Common">
      <UniqueIdentifier>{605132c5-7ec1-456d-8159-31d231bf3b9f}</UniqueIdentifier>
    </Filter>
  </ItemGroup>
  <ItemGroup>
    <ClCompile Include="Common\EngineException.cpp">
      <Filter>Common</Filter>
    </ClCompile>
    <ClCompile Include="Helpers.cpp">
      <Filter>Common</Filter>
    </ClCompile>
  </ItemGroup>
  <ItemGroup>
    <ClInclude Include="Common\EngineException.h">
      <Filter>Common</Filter>
    </ClInclude>
    <ClInclude Include="Common\Helpers.h">
      <Filter>Common</Filter>
    </ClInclude>
  </ItemGroup>
</Project>